
Microsoft Visual Studio Solution File, Format Version 12.00
# Visual Studio Version 17
VisualStudioVersion = 17.7.34031.279
MinimumVisualStudioVersion = 10.0.40219.1
Project("{8BC9CEB8-8B4A-11D0-8D11-00A0C91BC942}") = "OOP244W4P2", "OOP244W4P2.vcxproj", "{BF4C37E0-E266-472D-8865-C784CBC6FC21}"
EndProject
Global
	GlobalSection(SolutionConfigurationPlatforms) = preSolution
		Debug|x64 = Debug|x64
		Debug|x86 = Debug|x86
		Release|x64 = Release|x64
		Release|x86 = Release|x86
	EndGlobalSection
	GlobalSection(ProjectConfigurationPlatforms) = postSolution
		{BF4C37E0-E266-472D-8865-C784CBC6FC21}.Debug|x64.ActiveCfg = Debug|x64
		{BF4C37E0-E266-472D-8865-C784CBC6FC21}.Debug|x64.Build.0 = Debug|x64
		{BF4C37E0-E266-472D-8865-C784CBC6FC21}.Debug|x86.ActiveCfg = Debug|Win32
		{BF4C37E0-E266-472D-8865-C784CBC6FC21}.Debug|x86.Build.0 = Debug|Win32
		{BF4C37E0-E266-472D-8865-C784CBC6FC21}.Release|x64.ActiveCfg = Release|x64
		{BF4C37E0-E266-472D-8865-C784CBC6FC21}.Release|x64.Build.0 = Release|x64
		{BF4C37E0-E266-472D-8865-C784CBC6FC21}.Release|x86.ActiveCfg = Release|Win32
		{BF4C37E0-E266-472D-8865-C784CBC6FC21}.Release|x86.Build.0 = Release|Win32
	EndGlobalSection
	GlobalSection(SolutionProperties) = preSolution
		HideSolutionNode = FALSE
	EndGlobalSection
	GlobalSection(ExtensibilityGlobals) = postSolution
		SolutionGuid = {C97D6EDE-210A-4ABE-BFF9-E4925D73FDA5}
	EndGlobalSection
EndGlobal
